
Microsoft Visual Studio Solution File, Format Version 12.00
# Visual Studio Version 17
VisualStudioVersion = 17.4.33006.217
MinimumVisualStudioVersion = 10.0.40219.1
Project("{9A19103F-16F7-4668-BE54-9A1E7A4F7556}") = "CoreAppUWP", "CoreAppUWP\CoreAppUWP.csproj", "{86F40308-5864-4E45-98A4-336A5C404BC9}"
EndProject
Project("{8BC9CEB8-8B4A-11D0-8D11-00A0C91BC942}") = "CoreAppUWP.WinRT", "CoreAppUWP.WinRT\CoreAppUWP.WinRT.vcxproj", "{2F7E9384-91BE-4751-8322-C504B0F61AF2}"
EndProject
Global
	GlobalSection(SolutionConfigurationPlatforms) = preSolution
		Debug|ARM64 = Debug|ARM64
		Debug|x64 = Debug|x64
		Debug|x86 = Debug|x86
		Release|ARM64 = Release|ARM64
		Release|x64 = Release|x64
		Release|x86 = Release|x86
	EndGlobalSection
	GlobalSection(ProjectConfigurationPlatforms) = postSolution
		{86F40308-5864-4E45-98A4-336A5C404BC9}.Debug|ARM64.ActiveCfg = Debug|ARM64
		{86F40308-5864-4E45-98A4-336A5C404BC9}.Debug|ARM64.Build.0 = Debug|ARM64
		{86F40308-5864-4E45-98A4-336A5C404BC9}.Debug|ARM64.Deploy.0 = Debug|ARM64
		{86F40308-5864-4E45-98A4-336A5C404BC9}.Debug|x64.ActiveCfg = Debug|x64
		{86F40308-5864-4E45-98A4-336A5C404BC9}.Debug|x64.Build.0 = Debug|x64
		{86F40308-5864-4E45-98A4-336A5C404BC9}.Debug|x64.Deploy.0 = Debug|x64
		{86F40308-5864-4E45-98A4-336A5C404BC9}.Debug|x86.ActiveCfg = Debug|x86
		{86F40308-5864-4E45-98A4-336A5C404BC9}.Debug|x86.Build.0 = Debug|x86
		{86F40308-5864-4E45-98A4-336A5C404BC9}.Debug|x86.Deploy.0 = Debug|x86
		{86F40308-5864-4E45-98A4-336A5C404BC9}.Release|ARM64.ActiveCfg = Release|ARM64
		{86F40308-5864-4E45-98A4-336A5C404BC9}.Release|ARM64.Build.0 = Release|ARM64
		{86F40308-5864-4E45-98A4-336A5C404BC9}.Release|ARM64.Deploy.0 = Release|ARM64
		{86F40308-5864-4E45-98A4-336A5C404BC9}.Release|x64.ActiveCfg = Release|x64
		{86F40308-5864-4E45-98A4-336A5C404BC9}.Release|x64.Build.0 = Release|x64
		{86F40308-5864-4E45-98A4-336A5C404BC9}.Release|x64.Deploy.0 = Release|x64
		{86F40308-5864-4E45-98A4-336A5C404BC9}.Release|x86.ActiveCfg = Release|x86
		{86F40308-5864-4E45-98A4-336A5C404BC9}.Release|x86.Build.0 = Release|x86
		{86F40308-5864-4E45-98A4-336A5C404BC9}.Release|x86.Deploy.0 = Release|x86
		{2F7E9384-91BE-4751-8322-C504B0F61AF2}.Debug|ARM64.ActiveCfg = Debug|ARM64
		{2F7E9384-91BE-4751-8322-C504B0F61AF2}.Debug|ARM64.Build.0 = Debug|ARM64
		{2F7E9384-91BE-4751-8322-C504B0F61AF2}.Debug|x64.ActiveCfg = Debug|x64
		{2F7E9384-91BE-4751-8322-C504B0F61AF2}.Debug|x64.Build.0 = Debug|x64
		{2F7E9384-91BE-4751-8322-C504B0F61AF2}.Debug|x86.ActiveCfg = Debug|Win32
		{2F7E9384-91BE-4751-8322-C504B0F61AF2}.Debug|x86.Build.0 = Debug|Win32
		{2F7E9384-91BE-4751-8322-C504B0F61AF2}.Release|ARM64.ActiveCfg = Release|ARM64
		{2F7E9384-91BE-4751-8322-C504B0F61AF2}.Release|ARM64.Build.0 = Release|ARM64
		{2F7E9384-91BE-4751-8322-C504B0F61AF2}.Release|x64.ActiveCfg = Release|x64
		{2F7E9384-91BE-4751-8322-C504B0F61AF2}.Release|x64.Build.0 = Release|x64
		{2F7E9384-91BE-4751-8322-C504B0F61AF2}.Release|x86.ActiveCfg = Release|Win32
		{2F7E9384-91BE-4751-8322-C504B0F61AF2}.Release|x86.Build.0 = Release|Win32
	EndGlobalSection
	GlobalSection(SolutionProperties) = preSolution
		HideSolutionNode = FALSE
	EndGlobalSection
	GlobalSection(ExtensibilityGlobals) = postSolution
		SolutionGuid = {4A2C4DD4-7990-494B-BA06-EE4833E0816A}
	EndGlobalSection
EndGlobal
